
Microsoft Visual Studio Solution File, Format Version 12.00
Project("{FAE04EC0-301F-11D3-BF4B-00C04F79EFBC}") = "identity-server", "identity-server\identity-server.csproj", "{ABFDC7DD-0413-44FE-85A0-FC055D34A23B}"
EndProject
Global
	GlobalSection(SolutionConfigurationPlatforms) = preSolution
		Debug|Any CPU = Debug|Any CPU
		Release|Any CPU = Release|Any CPU
	EndGlobalSection
	GlobalSection(ProjectConfigurationPlatforms) = postSolution
		{ABFDC7DD-0413-44FE-85A0-FC055D34A23B}.Debug|Any CPU.ActiveCfg = Debug|Any CPU
		{ABFDC7DD-0413-44FE-85A0-FC055D34A23B}.Debug|Any CPU.Build.0 = Debug|Any CPU
		{ABFDC7DD-0413-44FE-85A0-FC055D34A23B}.Release|Any CPU.ActiveCfg = Release|Any CPU
		{ABFDC7DD-0413-44FE-85A0-FC055D34A23B}.Release|Any CPU.Build.0 = Release|Any CPU
	EndGlobalSection
EndGlobal
